
Microsoft Visual Studio Solution File, Format Version 12.00
# Visual Studio Version 16
VisualStudioVersion = 16.0.29920.165
MinimumVisualStudioVersion = 10.0.40219.1
Project("{FAE04EC0-301F-11D3-BF4B-00C04F79EFBC}") = "C20_Ex01_01", "C20_Ex01_01\C20_Ex01_01.csproj", "{0C0F9E45-FC77-4540-AB93-5B8B8714E4CF}"
EndProject
Project("{FAE04EC0-301F-11D3-BF4B-00C04F79EFBC}") = "C20_Ex01_02", "C20_Ex01_02\C20_Ex01_02.csproj", "{FFCF2DB0-36F8-41FC-AA54-A7930C2DB5F7}"
EndProject
Project("{FAE04EC0-301F-11D3-BF4B-00C04F79EFBC}") = "C20_Ex01_03", "C20_Ex01_03\C20_Ex01_03.csproj", "{2A39B2D9-4BDF-4A91-8D16-D0E89BC5CBE0}"
EndProject
Project("{FAE04EC0-301F-11D3-BF4B-00C04F79EFBC}") = "C20_Ex01_04", "C20_Ex01_04\C20_Ex01_04.csproj", "{618675DE-C589-4C53-83F8-2CA0DC4ED3F0}"
EndProject
Project("{FAE04EC0-301F-11D3-BF4B-00C04F79EFBC}") = "C20_Ex01_05", "C20_Ex01_05\C20_Ex01_05.csproj", "{77D0CED9-26F9-4EC9-AB6B-4BBF2659166E}"
EndProject
Global
	GlobalSection(SolutionConfigurationPlatforms) = preSolution
		Debug|Any CPU = Debug|Any CPU
		Release|Any CPU = Release|Any CPU
	EndGlobalSection
	GlobalSection(ProjectConfigurationPlatforms) = postSolution
		{0C0F9E45-FC77-4540-AB93-5B8B8714E4CF}.Debug|Any CPU.ActiveCfg = Debug|Any CPU
		{0C0F9E45-FC77-4540-AB93-5B8B8714E4CF}.Debug|Any CPU.Build.0 = Debug|Any CPU
		{0C0F9E45-FC77-4540-AB93-5B8B8714E4CF}.Release|Any CPU.ActiveCfg = Release|Any CPU
		{0C0F9E45-FC77-4540-AB93-5B8B8714E4CF}.Release|Any CPU.Build.0 = Release|Any CPU
		{FFCF2DB0-36F8-41FC-AA54-A7930C2DB5F7}.Debug|Any CPU.ActiveCfg = Debug|Any CPU
		{FFCF2DB0-36F8-41FC-AA54-A7930C2DB5F7}.Debug|Any CPU.Build.0 = Debug|Any CPU
		{FFCF2DB0-36F8-41FC-AA54-A7930C2DB5F7}.Release|Any CPU.ActiveCfg = Release|Any CPU
		{FFCF2DB0-36F8-41FC-AA54-A7930C2DB5F7}.Release|Any CPU.Build.0 = Release|Any CPU
		{2A39B2D9-4BDF-4A91-8D16-D0E89BC5CBE0}.Debug|Any CPU.ActiveCfg = Debug|Any CPU
		{2A39B2D9-4BDF-4A91-8D16-D0E89BC5CBE0}.Debug|Any CPU.Build.0 = Debug|Any CPU
		{2A39B2D9-4BDF-4A91-8D16-D0E89BC5CBE0}.Release|Any CPU.ActiveCfg = Release|Any CPU
		{2A39B2D9-4BDF-4A91-8D16-D0E89BC5CBE0}.Release|Any CPU.Build.0 = Release|Any CPU
		{618675DE-C589-4C53-83F8-2CA0DC4ED3F0}.Debug|Any CPU.ActiveCfg = Debug|Any CPU
		{618675DE-C589-4C53-83F8-2CA0DC4ED3F0}.Debug|Any CPU.Build.0 = Debug|Any CPU
		{618675DE-C589-4C53-83F8-2CA0DC4ED3F0}.Release|Any CPU.ActiveCfg = Release|Any CPU
		{618675DE-C589-4C53-83F8-2CA0DC4ED3F0}.Release|Any CPU.Build.0 = Release|Any CPU
		{77D0CED9-26F9-4EC9-AB6B-4BBF2659166E}.Debug|Any CPU.ActiveCfg = Debug|Any CPU
		{77D0CED9-26F9-4EC9-AB6B-4BBF2659166E}.Debug|Any CPU.Build.0 = Debug|Any CPU
		{77D0CED9-26F9-4EC9-AB6B-4BBF2659166E}.Release|Any CPU.ActiveCfg = Release|Any CPU
		{77D0CED9-26F9-4EC9-AB6B-4BBF2659166E}.Release|Any CPU.Build.0 = Release|Any CPU
	EndGlobalSection
	GlobalSection(SolutionProperties) = preSolution
		HideSolutionNode = FALSE
	EndGlobalSection
	GlobalSection(ExtensibilityGlobals) = postSolution
		SolutionGuid = {2C4C6AAA-7806-4053-AED5-2126A7F0B882}
	EndGlobalSection
EndGlobal
